
Microsoft Visual Studio Solution File, Format Version 12.00
# Visual Studio Version 17
VisualStudioVersion = 17.0.31903.59
MinimumVisualStudioVersion = 10.0.40219.1
Project("{2150E333-8FDC-42A3-9474-1A3956D46DE8}") = "src", "src", "{827E0CD3-B72D-47B6-A68D-7590B98EB39B}"
EndProject
Project("{FAE04EC0-301F-11D3-BF4B-00C04F79EFBC}") = "lv360_training.Domain", "src\lv360_training.Domain\lv360_training.Domain.csproj", "{F73C7C14-BDC4-471E-8C64-088B0F9B9CA3}"
EndProject
Project("{FAE04EC0-301F-11D3-BF4B-00C04F79EFBC}") = "lv360_training.Application", "src\lv360_training.Application\lv360_training.Application.csproj", "{3B7DD1F9-5393-4E88-A40B-0BF01C056064}"
EndProject
Project("{FAE04EC0-301F-11D3-BF4B-00C04F79EFBC}") = "lv360_training.Infrastructure", "src\lv360_training.Infrastructure\lv360_training.Infrastructure.csproj", "{AFC75C26-03BC-41F6-84E8-586D044B0AD5}"
EndProject
Project("{FAE04EC0-301F-11D3-BF4B-00C04F79EFBC}") = "lv360_training.Api", "src\lv360_training.Api\lv360_training.Api.csproj", "{493F72A7-F7FF-43E4-A2C0-C19CF97CA8B5}"
EndProject
Project("{FAE04EC0-301F-11D3-BF4B-00C04F79EFBC}") = "lv360_training.Seeder", "src\lv360_training.Seeder\lv360_training.Seeder.csproj", "{B0A53116-AE61-48C0-89FD-6DC1512A6C2D}"
EndProject
Global
	GlobalSection(SolutionConfigurationPlatforms) = preSolution
		Debug|Any CPU = Debug|Any CPU
		Debug|x64 = Debug|x64
		Debug|x86 = Debug|x86
		Release|Any CPU = Release|Any CPU
		Release|x64 = Release|x64
		Release|x86 = Release|x86
	EndGlobalSection
	GlobalSection(ProjectConfigurationPlatforms) = postSolution
		{F73C7C14-BDC4-471E-8C64-088B0F9B9CA3}.Debug|Any CPU.ActiveCfg = Debug|Any CPU
		{F73C7C14-BDC4-471E-8C64-088B0F9B9CA3}.Debug|Any CPU.Build.0 = Debug|Any CPU
		{F73C7C14-BDC4-471E-8C64-088B0F9B9CA3}.Debug|x64.ActiveCfg = Debug|Any CPU
		{F73C7C14-BDC4-471E-8C64-088B0F9B9CA3}.Debug|x64.Build.0 = Debug|Any CPU
		{F73C7C14-BDC4-471E-8C64-088B0F9B9CA3}.Debug|x86.ActiveCfg = Debug|Any CPU
		{F73C7C14-BDC4-471E-8C64-088B0F9B9CA3}.Debug|x86.Build.0 = Debug|Any CPU
		{F73C7C14-BDC4-471E-8C64-088B0F9B9CA3}.Release|Any CPU.ActiveCfg = Release|Any CPU
		{F73C7C14-BDC4-471E-8C64-088B0F9B9CA3}.Release|Any CPU.Build.0 = Release|Any CPU
		{F73C7C14-BDC4-471E-8C64-088B0F9B9CA3}.Release|x64.ActiveCfg = Release|Any CPU
		{F73C7C14-BDC4-471E-8C64-088B0F9B9CA3}.Release|x64.Build.0 = Release|Any CPU
		{F73C7C14-BDC4-471E-8C64-088B0F9B9CA3}.Release|x86.ActiveCfg = Release|Any CPU
		{F73C7C14-BDC4-471E-8C64-088B0F9B9CA3}.Release|x86.Build.0 = Release|Any CPU
		{3B7DD1F9-5393-4E88-A40B-0BF01C056064}.Debug|Any CPU.ActiveCfg = Debug|Any CPU
		{3B7DD1F9-5393-4E88-A40B-0BF01C056064}.Debug|Any CPU.Build.0 = Debug|Any CPU
		{3B7DD1F9-5393-4E88-A40B-0BF01C056064}.Debug|x64.ActiveCfg = Debug|Any CPU
		{3B7DD1F9-5393-4E88-A40B-0BF01C056064}.Debug|x64.Build.0 = Debug|Any CPU
		{3B7DD1F9-5393-4E88-A40B-0BF01C056064}.Debug|x86.ActiveCfg = Debug|Any CPU
		{3B7DD1F9-5393-4E88-A40B-0BF01C056064}.Debug|x86.Build.0 = Debug|Any CPU
		{3B7DD1F9-5393-4E88-A40B-0BF01C056064}.Release|Any CPU.ActiveCfg = Release|Any CPU
		{3B7DD1F9-5393-4E88-A40B-0BF01C056064}.Release|Any CPU.Build.0 = Release|Any CPU
		{3B7DD1F9-5393-4E88-A40B-0BF01C056064}.Release|x64.ActiveCfg = Release|Any CPU
		{3B7DD1F9-5393-4E88-A40B-0BF01C056064}.Release|x64.Build.0 = Release|Any CPU
		{3B7DD1F9-5393-4E88-A40B-0BF01C056064}.Release|x86.ActiveCfg = Release|Any CPU
		{3B7DD1F9-5393-4E88-A40B-0BF01C056064}.Release|x86.Build.0 = Release|Any CPU
		{AFC75C26-03BC-41F6-84E8-586D044B0AD5}.Debug|Any CPU.ActiveCfg = Debug|Any CPU
		{AFC75C26-03BC-41F6-84E8-586D044B0AD5}.Debug|Any CPU.Build.0 = Debug|Any CPU
		{AFC75C26-03BC-41F6-84E8-586D044B0AD5}.Debug|x64.ActiveCfg = Debug|Any CPU
		{AFC75C26-03BC-41F6-84E8-586D044B0AD5}.Debug|x64.Build.0 = Debug|Any CPU
		{AFC75C26-03BC-41F6-84E8-586D044B0AD5}.Debug|x86.ActiveCfg = Debug|Any CPU
		{AFC75C26-03BC-41F6-84E8-586D044B0AD5}.Debug|x86.Build.0 = Debug|Any CPU
		{AFC75C26-03BC-41F6-84E8-586D044B0AD5}.Release|Any CPU.ActiveCfg = Release|Any CPU
		{AFC75C26-03BC-41F6-84E8-586D044B0AD5}.Release|Any CPU.Build.0 = Release|Any CPU
		{AFC75C26-03BC-41F6-84E8-586D044B0AD5}.Release|x64.ActiveCfg = Release|Any CPU
		{AFC75C26-03BC-41F6-84E8-586D044B0AD5}.Release|x64.Build.0 = Release|Any CPU
		{AFC75C26-03BC-41F6-84E8-586D044B0AD5}.Release|x86.ActiveCfg = Release|Any CPU
		{AFC75C26-03BC-41F6-84E8-586D044B0AD5}.Release|x86.Build.0 = Release|Any CPU
		{493F72A7-F7FF-43E4-A2C0-C19CF97CA8B5}.Debug|Any CPU.ActiveCfg = Debug|Any CPU
		{493F72A7-F7FF-43E4-A2C0-C19CF97CA8B5}.Debug|Any CPU.Build.0 = Debug|Any CPU
		{493F72A7-F7FF-43E4-A2C0-C19CF97CA8B5}.Debug|x64.ActiveCfg = Debug|Any CPU
		{493F72A7-F7FF-43E4-A2C0-C19CF97CA8B5}.Debug|x64.Build.0 = Debug|Any CPU
		{493F72A7-F7FF-43E4-A2C0-C19CF97CA8B5}.Debug|x86.ActiveCfg = Debug|Any CPU
		{493F72A7-F7FF-43E4-A2C0-C19CF97CA8B5}.Debug|x86.Build.0 = Debug|Any CPU
		{493F72A7-F7FF-43E4-A2C0-C19CF97CA8B5}.Release|Any CPU.ActiveCfg = Release|Any CPU
		{493F72A7-F7FF-43E4-A2C0-C19CF97CA8B5}.Release|Any CPU.Build.0 = Release|Any CPU
		{493F72A7-F7FF-43E4-A2C0-C19CF97CA8B5}.Release|x64.ActiveCfg = Release|Any CPU
		{493F72A7-F7FF-43E4-A2C0-C19CF97CA8B5}.Release|x64.Build.0 = Release|Any CPU
		{493F72A7-F7FF-43E4-A2C0-C19CF97CA8B5}.Release|x86.ActiveCfg = Release|Any CPU
		{493F72A7-F7FF-43E4-A2C0-C19CF97CA8B5}.Release|x86.Build.0 = Release|Any CPU
		{B0A53116-AE61-48C0-89FD-6DC1512A6C2D}.Debug|Any CPU.ActiveCfg = Debug|Any CPU
		{B0A53116-AE61-48C0-89FD-6DC1512A6C2D}.Debug|Any CPU.Build.0 = Debug|Any CPU
		{B0A53116-AE61-48C0-89FD-6DC1512A6C2D}.Debug|x64.ActiveCfg = Debug|Any CPU
		{B0A53116-AE61-48C0-89FD-6DC1512A6C2D}.Debug|x64.Build.0 = Debug|Any CPU
		{B0A53116-AE61-48C0-89FD-6DC1512A6C2D}.Debug|x86.ActiveCfg = Debug|Any CPU
		{B0A53116-AE61-48C0-89FD-6DC1512A6C2D}.Debug|x86.Build.0 = Debug|Any CPU
		{B0A53116-AE61-48C0-89FD-6DC1512A6C2D}.Release|Any CPU.ActiveCfg = Release|Any CPU
		{B0A53116-AE61-48C0-89FD-6DC1512A6C2D}.Release|Any CPU.Build.0 = Release|Any CPU
		{B0A53116-AE61-48C0-89FD-6DC1512A6C2D}.Release|x64.ActiveCfg = Release|Any CPU
		{B0A53116-AE61-48C0-89FD-6DC1512A6C2D}.Release|x64.Build.0 = Release|Any CPU
		{B0A53116-AE61-48C0-89FD-6DC1512A6C2D}.Release|x86.ActiveCfg = Release|Any CPU
		{B0A53116-AE61-48C0-89FD-6DC1512A6C2D}.Release|x86.Build.0 = Release|Any CPU
	EndGlobalSection
	GlobalSection(SolutionProperties) = preSolution
		HideSolutionNode = FALSE
	EndGlobalSection
	GlobalSection(NestedProjects) = preSolution
		{F73C7C14-BDC4-471E-8C64-088B0F9B9CA3} = {827E0CD3-B72D-47B6-A68D-7590B98EB39B}
		{3B7DD1F9-5393-4E88-A40B-0BF01C056064} = {827E0CD3-B72D-47B6-A68D-7590B98EB39B}
		{AFC75C26-03BC-41F6-84E8-586D044B0AD5} = {827E0CD3-B72D-47B6-A68D-7590B98EB39B}
		{493F72A7-F7FF-43E4-A2C0-C19CF97CA8B5} = {827E0CD3-B72D-47B6-A68D-7590B98EB39B}
		{B0A53116-AE61-48C0-89FD-6DC1512A6C2D} = {827E0CD3-B72D-47B6-A68D-7590B98EB39B}
	EndGlobalSection
EndGlobal
